
Microsoft Visual Studio Solution File, Format Version 12.00
# Visual Studio Version 17
VisualStudioVersion = 17.2.32616.157
MinimumVisualStudioVersion = 10.0.40219.1
Project("{9A19103F-16F7-4668-BE54-9A1E7A4F7556}") = "HeartWeb", "HeartWeb\HeartWeb.csproj", "{4C64BDFE-16AE-4282-B5A9-2F996F992907}"
EndProject
Project("{FAE04EC0-301F-11D3-BF4B-00C04F79EFBC}") = "Heart.Models", "Heart.Models\Heart.Models.csproj", "{FCD154DE-408C-4FB9-BE4C-1F3A7C91406C}"
EndProject
Global
	GlobalSection(SolutionConfigurationPlatforms) = preSolution
		Debug|Any CPU = Debug|Any CPU
		Release|Any CPU = Release|Any CPU
	EndGlobalSection
	GlobalSection(ProjectConfigurationPlatforms) = postSolution
		{4C64BDFE-16AE-4282-B5A9-2F996F992907}.Debug|Any CPU.ActiveCfg = Debug|Any CPU
		{4C64BDFE-16AE-4282-B5A9-2F996F992907}.Debug|Any CPU.Build.0 = Debug|Any CPU
		{4C64BDFE-16AE-4282-B5A9-2F996F992907}.Release|Any CPU.ActiveCfg = Release|Any CPU
		{4C64BDFE-16AE-4282-B5A9-2F996F992907}.Release|Any CPU.Build.0 = Release|Any CPU
		{FCD154DE-408C-4FB9-BE4C-1F3A7C91406C}.Debug|Any CPU.ActiveCfg = Debug|Any CPU
		{FCD154DE-408C-4FB9-BE4C-1F3A7C91406C}.Debug|Any CPU.Build.0 = Debug|Any CPU
		{FCD154DE-408C-4FB9-BE4C-1F3A7C91406C}.Release|Any CPU.ActiveCfg = Release|Any CPU
		{FCD154DE-408C-4FB9-BE4C-1F3A7C91406C}.Release|Any CPU.Build.0 = Release|Any CPU
	EndGlobalSection
	GlobalSection(SolutionProperties) = preSolution
		HideSolutionNode = FALSE
	EndGlobalSection
	GlobalSection(ExtensibilityGlobals) = postSolution
		SolutionGuid = {6B6F0DB6-EA7D-40B7-BB78-069CF46D0672}
	EndGlobalSection
EndGlobal
